
Microsoft Visual Studio Solution File, Format Version 12.00
# Visual Studio Version 16
VisualStudioVersion = 16.0.29911.84
MinimumVisualStudioVersion = 10.0.40219.1
Project("{FAE04EC0-301F-11D3-BF4B-00C04F79EFBC}") = "HLBBWS_VS", "HLBBWS_VS.csproj", "{321A6002-EA73-4AE8-AF2C-380447EED536}"
EndProject
Global
	GlobalSection(SolutionConfigurationPlatforms) = preSolution
		Debug|Any CPU = Debug|Any CPU
		Release|Any CPU = Release|Any CPU
	EndGlobalSection
	GlobalSection(ProjectConfigurationPlatforms) = postSolution
		{321A6002-EA73-4AE8-AF2C-380447EED536}.Debug|Any CPU.ActiveCfg = Debug|Any CPU
		{321A6002-EA73-4AE8-AF2C-380447EED536}.Debug|Any CPU.Build.0 = Debug|Any CPU
		{321A6002-EA73-4AE8-AF2C-380447EED536}.Release|Any CPU.ActiveCfg = Release|Any CPU
		{321A6002-EA73-4AE8-AF2C-380447EED536}.Release|Any CPU.Build.0 = Release|Any CPU
	EndGlobalSection
	GlobalSection(SolutionProperties) = preSolution
		HideSolutionNode = FALSE
	EndGlobalSection
	GlobalSection(ExtensibilityGlobals) = postSolution
		SolutionGuid = {E6EB98DD-62BC-42B2-9D3A-AFAEFDB13811}
	EndGlobalSection
EndGlobal
